
Microsoft Visual Studio Solution File, Format Version 12.00
# Visual Studio Version 18
VisualStudioVersion = 18.0.11205.157
MinimumVisualStudioVersion = 10.0.40219.1
Project("{FAE04EC0-301F-11D3-BF4B-00C04F79EFBC}") = "Application", "Application\Application.csproj", "{7D5AD5D9-2F15-4FA1-AD8B-2A0483E1315B}"
EndProject
Project("{FAE04EC0-301F-11D3-BF4B-00C04F79EFBC}") = "Domain", "Domain\Domain.csproj", "{2E0CAC24-C6E9-423A-BA17-CF2C8315E8D3}"
EndProject
Project("{FAE04EC0-301F-11D3-BF4B-00C04F79EFBC}") = "Infrastructure", "Infrastructure\Infrastructure.csproj", "{3CC6DA61-1012-49A5-883A-BA52DB3B152B}"
EndProject
Project("{FAE04EC0-301F-11D3-BF4B-00C04F79EFBC}") = "WebApi", "WebApi\WebApi.csproj", "{7E4EF22E-ECFA-43CC-B6CE-3D778FC5C681}"
EndProject
Project("{00D1A9C2-B5F0-4AF3-8072-F6C62B433612}") = "WorkScheduler.Database", "..\database\WorkSchedulerSystem.Database\WorkScheduler.Database.sqlproj", "{9C8FF357-A0A8-47FA-A758-F425EF975DCF}"
EndProject
Global
	GlobalSection(SolutionConfigurationPlatforms) = preSolution
		Debug|Any CPU = Debug|Any CPU
		Release|Any CPU = Release|Any CPU
	EndGlobalSection
	GlobalSection(ProjectConfigurationPlatforms) = postSolution
		{7D5AD5D9-2F15-4FA1-AD8B-2A0483E1315B}.Debug|Any CPU.ActiveCfg = Debug|Any CPU
		{7D5AD5D9-2F15-4FA1-AD8B-2A0483E1315B}.Debug|Any CPU.Build.0 = Debug|Any CPU
		{7D5AD5D9-2F15-4FA1-AD8B-2A0483E1315B}.Release|Any CPU.ActiveCfg = Release|Any CPU
		{7D5AD5D9-2F15-4FA1-AD8B-2A0483E1315B}.Release|Any CPU.Build.0 = Release|Any CPU
		{2E0CAC24-C6E9-423A-BA17-CF2C8315E8D3}.Debug|Any CPU.ActiveCfg = Debug|Any CPU
		{2E0CAC24-C6E9-423A-BA17-CF2C8315E8D3}.Debug|Any CPU.Build.0 = Debug|Any CPU
		{2E0CAC24-C6E9-423A-BA17-CF2C8315E8D3}.Release|Any CPU.ActiveCfg = Release|Any CPU
		{2E0CAC24-C6E9-423A-BA17-CF2C8315E8D3}.Release|Any CPU.Build.0 = Release|Any CPU
		{3CC6DA61-1012-49A5-883A-BA52DB3B152B}.Debug|Any CPU.ActiveCfg = Debug|Any CPU
		{3CC6DA61-1012-49A5-883A-BA52DB3B152B}.Debug|Any CPU.Build.0 = Debug|Any CPU
		{3CC6DA61-1012-49A5-883A-BA52DB3B152B}.Release|Any CPU.ActiveCfg = Release|Any CPU
		{3CC6DA61-1012-49A5-883A-BA52DB3B152B}.Release|Any CPU.Build.0 = Release|Any CPU
		{7E4EF22E-ECFA-43CC-B6CE-3D778FC5C681}.Debug|Any CPU.ActiveCfg = Debug|Any CPU
		{7E4EF22E-ECFA-43CC-B6CE-3D778FC5C681}.Debug|Any CPU.Build.0 = Debug|Any CPU
		{7E4EF22E-ECFA-43CC-B6CE-3D778FC5C681}.Release|Any CPU.ActiveCfg = Release|Any CPU
		{7E4EF22E-ECFA-43CC-B6CE-3D778FC5C681}.Release|Any CPU.Build.0 = Release|Any CPU
		{9C8FF357-A0A8-47FA-A758-F425EF975DCF}.Debug|Any CPU.ActiveCfg = Debug|Any CPU
		{9C8FF357-A0A8-47FA-A758-F425EF975DCF}.Debug|Any CPU.Build.0 = Debug|Any CPU
		{9C8FF357-A0A8-47FA-A758-F425EF975DCF}.Debug|Any CPU.Deploy.0 = Debug|Any CPU
		{9C8FF357-A0A8-47FA-A758-F425EF975DCF}.Release|Any CPU.ActiveCfg = Release|Any CPU
		{9C8FF357-A0A8-47FA-A758-F425EF975DCF}.Release|Any CPU.Build.0 = Release|Any CPU
		{9C8FF357-A0A8-47FA-A758-F425EF975DCF}.Release|Any CPU.Deploy.0 = Release|Any CPU
	EndGlobalSection
	GlobalSection(SolutionProperties) = preSolution
		HideSolutionNode = FALSE
	EndGlobalSection
	GlobalSection(ExtensibilityGlobals) = postSolution
		SolutionGuid = {B15E872D-185A-43E6-9E93-DE12B959C46B}
	EndGlobalSection
EndGlobal
